PODS:
  - libdivvunspell (0.1.4)
  - ObjcExceptionBridging (1.0.1):
    - ObjcExceptionBridging/ObjcExceptionBridging (= 1.0.1)
  - ObjcExceptionBridging/ObjcExceptionBridging (1.0.1)
  - Sentry (4.4.0):
    - Sentry/Core (= 4.4.0)
  - Sentry/Core (4.4.0)
  - XCGLogger (7.0.0):
    - XCGLogger/Core (= 7.0.0)
  - XCGLogger/Core (7.0.0):
    - ObjcExceptionBridging

DEPENDENCIES:
  - libdivvunspell (from `../divvunspell-swift/libdivvunspell`)
  - Sentry (from `https://github.com/getsentry/sentry-cocoa.git`, tag `4.4.0`)
  - XCGLogger (~> 7.0.0)

SPEC REPOS:
  trunk:
    - ObjcExceptionBridging
    - XCGLogger

EXTERNAL SOURCES:
  libdivvunspell:
    :path: "../divvunspell-swift/libdivvunspell"
  Sentry:
    :git: https://github.com/getsentry/sentry-cocoa.git
    :tag: 4.4.0

CHECKOUT OPTIONS:
  Sentry:
    :git: https://github.com/getsentry/sentry-cocoa.git
    :tag: 4.4.0

SPEC CHECKSUMS:
  libdivvunspell: b6cb0d6e7136521b86d5d39c1429d8749fe6bb1b
  ObjcExceptionBridging: c30e00eb3700467e695faeea30e26e18bd445001
  Sentry: 26650184fe71eb7476dfd2737acb5ea6cc64b4b1
  XCGLogger: 0434f15e3909cdc450bb63faf638b8792ab782ab

PODFILE CHECKSUM: 9c3296d584c5a3772cb5be97dad298c0e1f4f100

COCOAPODS: 1.8.3
