PODS:
  - DivvunSpell (1.0.0-beta.1)
  - ObjcExceptionBridging (1.0.1):
    - ObjcExceptionBridging/ObjcExceptionBridging (= 1.0.1)
  - ObjcExceptionBridging/ObjcExceptionBridging (1.0.1)
  - Sentry (5.2.2):
    - Sentry/Core (= 5.2.2)
  - Sentry/Core (5.2.2)
  - XCGLogger (7.0.1):
    - XCGLogger/Core (= 7.0.1)
  - XCGLogger/Core (7.0.1):
    - ObjcExceptionBridging

DEPENDENCIES:
  - "DivvunSpell (from `{:http=>\"https://github.com/divvun/divvunspell-sdk-swift/releases/download/v1.0.0-beta.1/cargo-pod.tgz\"}`)"
  - Sentry (from `https://github.com/getsentry/sentry-cocoa.git`, tag `5.2.2`)
  - XCGLogger (~> 7.0.0)

SPEC REPOS:
  trunk:
    - ObjcExceptionBridging
    - XCGLogger

EXTERNAL SOURCES:
  DivvunSpell:
    :http: https://github.com/divvun/divvunspell-sdk-swift/releases/download/v1.0.0-beta.1/cargo-pod.tgz
  Sentry:
    :git: https://github.com/getsentry/sentry-cocoa.git
    :tag: 5.2.2

CHECKOUT OPTIONS:
  DivvunSpell:
    :http: https://github.com/divvun/divvunspell-sdk-swift/releases/download/v1.0.0-beta.1/cargo-pod.tgz
  Sentry:
    :git: https://github.com/getsentry/sentry-cocoa.git
    :tag: 5.2.2

SPEC CHECKSUMS:
  DivvunSpell: ca208e79169237ec09137c0d8675ad125f304753
  ObjcExceptionBridging: c30e00eb3700467e695faeea30e26e18bd445001
  Sentry: 8fa58a051237554f22507fb483b9a1de0171a2dc
  XCGLogger: 1943831ef907df55108b0b18657953f868de973b

PODFILE CHECKSUM: ed733e4ee40a444ec96776b28a55834ae6dad07d

COCOAPODS: 1.10.1
